
Microsoft Visual Studio Solution File, Format Version 12.00
# Visual Studio Version 16
VisualStudioVersion = 16.0.31515.178
MinimumVisualStudioVersion = 10.0.40219.1
Project("{FAE04EC0-301F-11D3-BF4B-00C04F79EFBC}") = "TicTacToe2021", "TicTacToe2021.csproj", "{8B427C8A-EA81-492E-9315-C757F7C2D0B5}"
EndProject
Global
	GlobalSection(SolutionConfigurationPlatforms) = preSolution
		Debug|Any CPU = Debug|Any CPU
		Release|Any CPU = Release|Any CPU
	EndGlobalSection
	GlobalSection(ProjectConfigurationPlatforms) = postSolution
		{8B427C8A-EA81-492E-9315-C757F7C2D0B5}.Debug|Any CPU.ActiveCfg = Debug|Any CPU
		{8B427C8A-EA81-492E-9315-C757F7C2D0B5}.Debug|Any CPU.Build.0 = Debug|Any CPU
		{8B427C8A-EA81-492E-9315-C757F7C2D0B5}.Release|Any CPU.ActiveCfg = Release|Any CPU
		{8B427C8A-EA81-492E-9315-C757F7C2D0B5}.Release|Any CPU.Build.0 = Release|Any CPU
	EndGlobalSection
	GlobalSection(SolutionProperties) = preSolution
		HideSolutionNode = FALSE
	EndGlobalSection
	GlobalSection(ExtensibilityGlobals) = postSolution
		SolutionGuid = {022B8559-062B-4E57-ADB8-C2911F8BFBA9}
	EndGlobalSection
EndGlobal
